
Microsoft Visual Studio Solution File, Format Version 12.00
# Visual Studio Version 17
VisualStudioVersion = 17.4.33122.133
MinimumVisualStudioVersion = 10.0.40219.1
Project("{FAE04EC0-301F-11D3-BF4B-00C04F79EFBC}") = "NZWalks.API", "NZWalks.API\NZWalks.API.csproj", "{772C5E7C-1721-4934-94AF-1120CA33D271}"
EndProject
Global
	GlobalSection(SolutionConfigurationPlatforms) = preSolution
		Debug|Any CPU = Debug|Any CPU
		Release|Any CPU = Release|Any CPU
	EndGlobalSection
	GlobalSection(ProjectConfigurationPlatforms) = postSolution
		{772C5E7C-1721-4934-94AF-1120CA33D271}.Debug|Any CPU.ActiveCfg = Debug|Any CPU
		{772C5E7C-1721-4934-94AF-1120CA33D271}.Debug|Any CPU.Build.0 = Debug|Any CPU
		{772C5E7C-1721-4934-94AF-1120CA33D271}.Release|Any CPU.ActiveCfg = Release|Any CPU
		{772C5E7C-1721-4934-94AF-1120CA33D271}.Release|Any CPU.Build.0 = Release|Any CPU
	EndGlobalSection
	GlobalSection(SolutionProperties) = preSolution
		HideSolutionNode = FALSE
	EndGlobalSection
	GlobalSection(ExtensibilityGlobals) = postSolution
		SolutionGuid = {2B93AA17-E366-4DCB-9544-507ADB12FAAA}
	EndGlobalSection
EndGlobal
